
Microsoft Visual Studio Solution File, Format Version 12.00
# Visual Studio Version 16
VisualStudioVersion = 16.0.29215.179
MinimumVisualStudioVersion = 10.0.40219.1
Project("{FAE04EC0-301F-11D3-BF4B-00C04F79EFBC}") = "GemsCraft", "GemsCraft\GemsCraft.csproj", "{72881457-1613-40C1-AD2E-143B272EEA74}"
EndProject
Project("{FAE04EC0-301F-11D3-BF4B-00C04F79EFBC}") = "TestCLI", "TestCLI\TestCLI.csproj", "{433AF2F2-C302-40C8-95A1-9861A9A96A71}"
EndProject
Global
	GlobalSection(SolutionConfigurationPlatforms) = preSolution
		Debug|Any CPU = Debug|Any CPU
		Release|Any CPU = Release|Any CPU
	EndGlobalSection
	GlobalSection(ProjectConfigurationPlatforms) = postSolution
		{72881457-1613-40C1-AD2E-143B272EEA74}.Debug|Any CPU.ActiveCfg = Debug|Any CPU
		{72881457-1613-40C1-AD2E-143B272EEA74}.Debug|Any CPU.Build.0 = Debug|Any CPU
		{72881457-1613-40C1-AD2E-143B272EEA74}.Release|Any CPU.ActiveCfg = Release|Any CPU
		{72881457-1613-40C1-AD2E-143B272EEA74}.Release|Any CPU.Build.0 = Release|Any CPU
		{433AF2F2-C302-40C8-95A1-9861A9A96A71}.Debug|Any CPU.ActiveCfg = Debug|Any CPU
		{433AF2F2-C302-40C8-95A1-9861A9A96A71}.Debug|Any CPU.Build.0 = Debug|Any CPU
		{433AF2F2-C302-40C8-95A1-9861A9A96A71}.Release|Any CPU.ActiveCfg = Release|Any CPU
		{433AF2F2-C302-40C8-95A1-9861A9A96A71}.Release|Any CPU.Build.0 = Release|Any CPU
	EndGlobalSection
	GlobalSection(SolutionProperties) = preSolution
		HideSolutionNode = FALSE
	EndGlobalSection
	GlobalSection(ExtensibilityGlobals) = postSolution
		SolutionGuid = {D1CD1E8D-86C2-47A1-9D4E-C86F49871904}
	EndGlobalSection
EndGlobal
