
Microsoft Visual Studio Solution File, Format Version 12.00
# Visual Studio 15
VisualStudioVersion = 15.0.28307.106
MinimumVisualStudioVersion = 10.0.40219.1
Project("{FAE04EC0-301F-11D3-BF4B-00C04F79EFBC}") = "TestCLI", "TestCLI\TestCLI.csproj", "{433AF2F2-C302-40C8-95A1-9861A9A96A71}"
EndProject
Project("{FAE04EC0-301F-11D3-BF4B-00C04F79EFBC}") = "GemsCraft", "GemsCraft\GemsCraft.csproj", "{DFDDA455-C99C-4885-B6EB-B94A1B25040D}"
EndProject
Global
	GlobalSection(SolutionConfigurationPlatforms) = preSolution
		DEBUG_EVENTS|Any CPU = DEBUG_EVENTS|Any CPU
		Debug|Any CPU = Debug|Any CPU
		Release|Any CPU = Release|Any CPU
	EndGlobalSection
	GlobalSection(ProjectConfigurationPlatforms) = postSolution
		{433AF2F2-C302-40C8-95A1-9861A9A96A71}.DEBUG_EVENTS|Any CPU.ActiveCfg = DEBUG_EVENTS|Any CPU
		{433AF2F2-C302-40C8-95A1-9861A9A96A71}.DEBUG_EVENTS|Any CPU.Build.0 = DEBUG_EVENTS|Any CPU
		{433AF2F2-C302-40C8-95A1-9861A9A96A71}.Debug|Any CPU.ActiveCfg = Debug|Any CPU
		{433AF2F2-C302-40C8-95A1-9861A9A96A71}.Debug|Any CPU.Build.0 = Debug|Any CPU
		{433AF2F2-C302-40C8-95A1-9861A9A96A71}.Release|Any CPU.ActiveCfg = Release|Any CPU
		{433AF2F2-C302-40C8-95A1-9861A9A96A71}.Release|Any CPU.Build.0 = Release|Any CPU
		{DFDDA455-C99C-4885-B6EB-B94A1B25040D}.DEBUG_EVENTS|Any CPU.ActiveCfg = DEBUG_EVENTS|Any CPU
		{DFDDA455-C99C-4885-B6EB-B94A1B25040D}.DEBUG_EVENTS|Any CPU.Build.0 = DEBUG_EVENTS|Any CPU
		{DFDDA455-C99C-4885-B6EB-B94A1B25040D}.Debug|Any CPU.ActiveCfg = Debug|Any CPU
		{DFDDA455-C99C-4885-B6EB-B94A1B25040D}.Debug|Any CPU.Build.0 = Debug|Any CPU
		{DFDDA455-C99C-4885-B6EB-B94A1B25040D}.Release|Any CPU.ActiveCfg = Release|Any CPU
		{DFDDA455-C99C-4885-B6EB-B94A1B25040D}.Release|Any CPU.Build.0 = Release|Any CPU
	EndGlobalSection
	GlobalSection(SolutionProperties) = preSolution
		HideSolutionNode = FALSE
	EndGlobalSection
	GlobalSection(ExtensibilityGlobals) = postSolution
		SolutionGuid = {D1CD1E8D-86C2-47A1-9D4E-C86F49871904}
	EndGlobalSection
EndGlobal
